
Microsoft Visual Studio Solution File, Format Version 11.00
# Visual Studio 2010
Project("{FAE04EC0-301F-11D3-BF4B-00C04F79EFBC}") = "Assembly-CSharp", "Assembly-CSharp.csproj", "{9625DCE7-CC62-CE28-3B2F-CDEA76D77D4B}"
EndProject
Project("{FAE04EC0-301F-11D3-BF4B-00C04F79EFBC}") = "Assembly-CSharp-firstpass", "Assembly-CSharp-firstpass.csproj", "{C38DD22F-A60F-3048-DFFC-E3C20423E330}"
EndProject
Global
	GlobalSection(SolutionConfigurationPlatforms) = preSolution
		Debug|Any CPU = Debug|Any CPU
		Release|Any CPU = Release|Any CPU
	EndGlobalSection
	GlobalSection(ProjectConfigurationPlatforms) = postSolution
		{9625DCE7-CC62-CE28-3B2F-CDEA76D77D4B}.Debug|Any CPU.ActiveCfg = Debug|Any CPU
		{9625DCE7-CC62-CE28-3B2F-CDEA76D77D4B}.Debug|Any CPU.Build.0 = Debug|Any CPU
		{9625DCE7-CC62-CE28-3B2F-CDEA76D77D4B}.Release|Any CPU.ActiveCfg = Release|Any CPU
		{9625DCE7-CC62-CE28-3B2F-CDEA76D77D4B}.Release|Any CPU.Build.0 = Release|Any CPU
		{C38DD22F-A60F-3048-DFFC-E3C20423E330}.Debug|Any CPU.ActiveCfg = Debug|Any CPU
		{C38DD22F-A60F-3048-DFFC-E3C20423E330}.Debug|Any CPU.Build.0 = Debug|Any CPU
		{C38DD22F-A60F-3048-DFFC-E3C20423E330}.Release|Any CPU.ActiveCfg = Release|Any CPU
		{C38DD22F-A60F-3048-DFFC-E3C20423E330}.Release|Any CPU.Build.0 = Release|Any CPU
	EndGlobalSection
	GlobalSection(SolutionProperties) = preSolution
		HideSolutionNode = FALSE
	EndGlobalSection
EndGlobal
